
Microsoft Visual Studio Solution File, Format Version 12.00
# Visual Studio Version 17
VisualStudioVersion = 17.4.33205.214
MinimumVisualStudioVersion = 10.0.40219.1
Project("{9A19103F-16F7-4668-BE54-9A1E7A4F7556}") = "SharePointToBlob", "DriveToBlob\SharePointToBlob.csproj", "{501673C2-7561-44E0-995A-D3766C140355}"
EndProject
Project("{9A19103F-16F7-4668-BE54-9A1E7A4F7556}") = "Connection", "Connection\Connection.csproj", "{77EB9495-95A3-4B32-AA0F-0F5CCB04E3E8}"
EndProject
Global
	GlobalSection(SolutionConfigurationPlatforms) = preSolution
		Debug|Any CPU = Debug|Any CPU
		Release|Any CPU = Release|Any CPU
	EndGlobalSection
	GlobalSection(ProjectConfigurationPlatforms) = postSolution
		{501673C2-7561-44E0-995A-D3766C140355}.Debug|Any CPU.ActiveCfg = Debug|Any CPU
		{501673C2-7561-44E0-995A-D3766C140355}.Debug|Any CPU.Build.0 = Debug|Any CPU
		{501673C2-7561-44E0-995A-D3766C140355}.Release|Any CPU.ActiveCfg = Release|Any CPU
		{501673C2-7561-44E0-995A-D3766C140355}.Release|Any CPU.Build.0 = Release|Any CPU
		{77EB9495-95A3-4B32-AA0F-0F5CCB04E3E8}.Debug|Any CPU.ActiveCfg = Debug|Any CPU
		{77EB9495-95A3-4B32-AA0F-0F5CCB04E3E8}.Debug|Any CPU.Build.0 = Debug|Any CPU
		{77EB9495-95A3-4B32-AA0F-0F5CCB04E3E8}.Release|Any CPU.ActiveCfg = Release|Any CPU
		{77EB9495-95A3-4B32-AA0F-0F5CCB04E3E8}.Release|Any CPU.Build.0 = Release|Any CPU
	EndGlobalSection
	GlobalSection(SolutionProperties) = preSolution
		HideSolutionNode = FALSE
	EndGlobalSection
	GlobalSection(ExtensibilityGlobals) = postSolution
		SolutionGuid = {E125510C-0C04-44DD-BF37-CDD0D176DB8D}
	EndGlobalSection
EndGlobal
